
Microsoft Visual Studio Solution File, Format Version 12.00
# Visual Studio Version 16
VisualStudioVersion = 16.0.32002.261
MinimumVisualStudioVersion = 10.0.40219.1
Project("{FAE04EC0-301F-11D3-BF4B-00C04F79EFBC}") = "Mission4and5", "Mission4and5\Mission4and5.csproj", "{1024AF99-B149-4C84-9BF5-A78C91363E84}"
EndProject
Global
	GlobalSection(SolutionConfigurationPlatforms) = preSolution
		Debug|Any CPU = Debug|Any CPU
		Release|Any CPU = Release|Any CPU
	EndGlobalSection
	GlobalSection(ProjectConfigurationPlatforms) = postSolution
		{1024AF99-B149-4C84-9BF5-A78C91363E84}.Debug|Any CPU.ActiveCfg = Debug|Any CPU
		{1024AF99-B149-4C84-9BF5-A78C91363E84}.Debug|Any CPU.Build.0 = Debug|Any CPU
		{1024AF99-B149-4C84-9BF5-A78C91363E84}.Release|Any CPU.ActiveCfg = Release|Any CPU
		{1024AF99-B149-4C84-9BF5-A78C91363E84}.Release|Any CPU.Build.0 = Release|Any CPU
	EndGlobalSection
	GlobalSection(SolutionProperties) = preSolution
		HideSolutionNode = FALSE
	EndGlobalSection
	GlobalSection(ExtensibilityGlobals) = postSolution
		SolutionGuid = {720922F5-88E1-4725-9687-11893F3A4590}
	EndGlobalSection
EndGlobal
